
Microsoft Visual Studio Solution File, Format Version 12.00
# Visual Studio 15
VisualStudioVersion = 15.0.28010.2003
MinimumVisualStudioVersion = 10.0.40219.1
Project("{FAE04EC0-301F-11D3-BF4B-00C04F79EFBC}") = "FundXchangeChatApplication", "FundXchangeChatApplication.csproj", "{383CBABF-0828-4C21-8623-E8053798B9DB}"
EndProject
Project("{54435603-DBB4-11D2-8724-00A0C9A8B90C}") = "FundXchangeChatApp", "FundXchangeChatApp\FundXchangeChatApp.vdproj", "{16F0B3C8-83B9-40A5-B95D-10D58252AB8A}"
EndProject
Global
	GlobalSection(SolutionConfigurationPlatforms) = preSolution
		Debug|x86 = Debug|x86
		Release|x86 = Release|x86
	EndGlobalSection
	GlobalSection(ProjectConfigurationPlatforms) = postSolution
		{383CBABF-0828-4C21-8623-E8053798B9DB}.Debug|x86.ActiveCfg = Debug|x86
		{383CBABF-0828-4C21-8623-E8053798B9DB}.Debug|x86.Build.0 = Debug|x86
		{383CBABF-0828-4C21-8623-E8053798B9DB}.Release|x86.ActiveCfg = Release|x86
		{383CBABF-0828-4C21-8623-E8053798B9DB}.Release|x86.Build.0 = Release|x86
		{16F0B3C8-83B9-40A5-B95D-10D58252AB8A}.Debug|x86.ActiveCfg = Debug
		{16F0B3C8-83B9-40A5-B95D-10D58252AB8A}.Release|x86.ActiveCfg = Release
	EndGlobalSection
	GlobalSection(SolutionProperties) = preSolution
		HideSolutionNode = FALSE
	EndGlobalSection
	GlobalSection(ExtensibilityGlobals) = postSolution
		SolutionGuid = {B4407C78-B797-47BE-BA8A-293A856375DB}
	EndGlobalSection
EndGlobal
